
Microsoft Visual Studio Solution File, Format Version 12.00
Project("{FAE04EC0-301F-11D3-BF4B-00C04F79EFBC}") = "Crypto-T-Xamarin", "Crypto-T-Xamarin\Crypto-T-Xamarin\Crypto-T-Xamarin.csproj", "{824B87B6-2B7A-4993-A181-4B8C8916519E}"
EndProject
Project("{FAE04EC0-301F-11D3-BF4B-00C04F79EFBC}") = "Crypto-T-Xamarin.Android", "Crypto-T-Xamarin\Crypto-T-Xamarin.Android\Crypto-T-Xamarin.Android.csproj", "{D7AE1DC2-4A99-49BF-9505-B81ADDDB43AE}"
EndProject
Project("{FAE04EC0-301F-11D3-BF4B-00C04F79EFBC}") = "Crypto-T-Xamarin.iOS", "Crypto-T-Xamarin\Crypto-T-Xamarin.iOS\Crypto-T-Xamarin.iOS.csproj", "{925B43D1-CF5B-4492-AC10-CC9D2FAA6A59}"
EndProject
Global
	GlobalSection(SolutionConfigurationPlatforms) = preSolution
		Ad-Hoc|iPhone = Ad-Hoc|iPhone
		AppStore|iPhone = AppStore|iPhone
		Debug|Any CPU = Debug|Any CPU
		Debug|iPhone = Debug|iPhone
		Debug|iPhoneSimulator = Debug|iPhoneSimulator
		Release|Any CPU = Release|Any CPU
		Release|iPhone = Release|iPhone
		Release|iPhoneSimulator = Release|iPhoneSimulator
	EndGlobalSection
	GlobalSection(ProjectConfigurationPlatforms) = postSolution
		{824B87B6-2B7A-4993-A181-4B8C8916519E}.Ad-Hoc|iPhone.ActiveCfg = Debug|Any CPU
		{824B87B6-2B7A-4993-A181-4B8C8916519E}.Ad-Hoc|iPhone.Build.0 = Debug|Any CPU
		{824B87B6-2B7A-4993-A181-4B8C8916519E}.AppStore|iPhone.ActiveCfg = Debug|Any CPU
		{824B87B6-2B7A-4993-A181-4B8C8916519E}.AppStore|iPhone.Build.0 = Debug|Any CPU
		{824B87B6-2B7A-4993-A181-4B8C8916519E}.Debug|Any CPU.ActiveCfg = Debug|Any CPU
		{824B87B6-2B7A-4993-A181-4B8C8916519E}.Debug|Any CPU.Build.0 = Debug|Any CPU
		{824B87B6-2B7A-4993-A181-4B8C8916519E}.Debug|iPhone.ActiveCfg = Debug|Any CPU
		{824B87B6-2B7A-4993-A181-4B8C8916519E}.Debug|iPhone.Build.0 = Debug|Any CPU
		{824B87B6-2B7A-4993-A181-4B8C8916519E}.Debug|iPhoneSimulator.ActiveCfg = Debug|Any CPU
		{824B87B6-2B7A-4993-A181-4B8C8916519E}.Debug|iPhoneSimulator.Build.0 = Debug|Any CPU
		{824B87B6-2B7A-4993-A181-4B8C8916519E}.Release|Any CPU.ActiveCfg = Release|Any CPU
		{824B87B6-2B7A-4993-A181-4B8C8916519E}.Release|Any CPU.Build.0 = Release|Any CPU
		{824B87B6-2B7A-4993-A181-4B8C8916519E}.Release|iPhone.ActiveCfg = Release|Any CPU
		{824B87B6-2B7A-4993-A181-4B8C8916519E}.Release|iPhone.Build.0 = Release|Any CPU
		{824B87B6-2B7A-4993-A181-4B8C8916519E}.Release|iPhoneSimulator.ActiveCfg = Release|Any CPU
		{824B87B6-2B7A-4993-A181-4B8C8916519E}.Release|iPhoneSimulator.Build.0 = Release|Any CPU
		{D7AE1DC2-4A99-49BF-9505-B81ADDDB43AE}.Ad-Hoc|iPhone.ActiveCfg = Debug|Any CPU
		{D7AE1DC2-4A99-49BF-9505-B81ADDDB43AE}.Ad-Hoc|iPhone.Build.0 = Debug|Any CPU
		{D7AE1DC2-4A99-49BF-9505-B81ADDDB43AE}.Ad-Hoc|iPhone.Deploy.0 = Debug|Any CPU
		{D7AE1DC2-4A99-49BF-9505-B81ADDDB43AE}.AppStore|iPhone.ActiveCfg = Debug|Any CPU
		{D7AE1DC2-4A99-49BF-9505-B81ADDDB43AE}.AppStore|iPhone.Build.0 = Debug|Any CPU
		{D7AE1DC2-4A99-49BF-9505-B81ADDDB43AE}.AppStore|iPhone.Deploy.0 = Debug|Any CPU
		{D7AE1DC2-4A99-49BF-9505-B81ADDDB43AE}.Debug|Any CPU.ActiveCfg = Debug|Any CPU
		{D7AE1DC2-4A99-49BF-9505-B81ADDDB43AE}.Debug|Any CPU.Build.0 = Debug|Any CPU
		{D7AE1DC2-4A99-49BF-9505-B81ADDDB43AE}.Debug|Any CPU.Deploy.0 = Debug|Any CPU
		{D7AE1DC2-4A99-49BF-9505-B81ADDDB43AE}.Debug|iPhone.ActiveCfg = Debug|Any CPU
		{D7AE1DC2-4A99-49BF-9505-B81ADDDB43AE}.Debug|iPhone.Build.0 = Debug|Any CPU
		{D7AE1DC2-4A99-49BF-9505-B81ADDDB43AE}.Debug|iPhone.Deploy.0 = Debug|Any CPU
		{D7AE1DC2-4A99-49BF-9505-B81ADDDB43AE}.Debug|iPhoneSimulator.ActiveCfg = Debug|Any CPU
		{D7AE1DC2-4A99-49BF-9505-B81ADDDB43AE}.Debug|iPhoneSimulator.Build.0 = Debug|Any CPU
		{D7AE1DC2-4A99-49BF-9505-B81ADDDB43AE}.Debug|iPhoneSimulator.Deploy.0 = Debug|Any CPU
		{D7AE1DC2-4A99-49BF-9505-B81ADDDB43AE}.Release|Any CPU.ActiveCfg = Release|Any CPU
		{D7AE1DC2-4A99-49BF-9505-B81ADDDB43AE}.Release|Any CPU.Build.0 = Release|Any CPU
		{D7AE1DC2-4A99-49BF-9505-B81ADDDB43AE}.Release|Any CPU.Deploy.0 = Release|Any CPU
		{D7AE1DC2-4A99-49BF-9505-B81ADDDB43AE}.Release|iPhone.ActiveCfg = Release|Any CPU
		{D7AE1DC2-4A99-49BF-9505-B81ADDDB43AE}.Release|iPhone.Build.0 = Release|Any CPU
		{D7AE1DC2-4A99-49BF-9505-B81ADDDB43AE}.Release|iPhone.Deploy.0 = Release|Any CPU
		{D7AE1DC2-4A99-49BF-9505-B81ADDDB43AE}.Release|iPhoneSimulator.ActiveCfg = Release|Any CPU
		{D7AE1DC2-4A99-49BF-9505-B81ADDDB43AE}.Release|iPhoneSimulator.Build.0 = Release|Any CPU
		{D7AE1DC2-4A99-49BF-9505-B81ADDDB43AE}.Release|iPhoneSimulator.Deploy.0 = Release|Any CPU
		{925B43D1-CF5B-4492-AC10-CC9D2FAA6A59}.Ad-Hoc|iPhone.ActiveCfg = Ad-Hoc|iPhone
		{925B43D1-CF5B-4492-AC10-CC9D2FAA6A59}.Ad-Hoc|iPhone.Build.0 = Ad-Hoc|iPhone
		{925B43D1-CF5B-4492-AC10-CC9D2FAA6A59}.Ad-Hoc|iPhone.Deploy.0 = Ad-Hoc|iPhone
		{925B43D1-CF5B-4492-AC10-CC9D2FAA6A59}.AppStore|iPhone.ActiveCfg = AppStore|iPhone
		{925B43D1-CF5B-4492-AC10-CC9D2FAA6A59}.AppStore|iPhone.Build.0 = AppStore|iPhone
		{925B43D1-CF5B-4492-AC10-CC9D2FAA6A59}.AppStore|iPhone.Deploy.0 = AppStore|iPhone
		{925B43D1-CF5B-4492-AC10-CC9D2FAA6A59}.Debug|Any CPU.ActiveCfg = Debug|iPhoneSimulator
		{925B43D1-CF5B-4492-AC10-CC9D2FAA6A59}.Debug|iPhone.ActiveCfg = Debug|iPhone
		{925B43D1-CF5B-4492-AC10-CC9D2FAA6A59}.Debug|iPhone.Build.0 = Debug|iPhone
		{925B43D1-CF5B-4492-AC10-CC9D2FAA6A59}.Debug|iPhone.Deploy.0 = Debug|iPhone
		{925B43D1-CF5B-4492-AC10-CC9D2FAA6A59}.Debug|iPhoneSimulator.ActiveCfg = Debug|iPhoneSimulator
		{925B43D1-CF5B-4492-AC10-CC9D2FAA6A59}.Debug|iPhoneSimulator.Build.0 = Debug|iPhoneSimulator
		{925B43D1-CF5B-4492-AC10-CC9D2FAA6A59}.Debug|iPhoneSimulator.Deploy.0 = Debug|iPhoneSimulator
		{925B43D1-CF5B-4492-AC10-CC9D2FAA6A59}.Release|Any CPU.ActiveCfg = Release|iPhoneSimulator
		{925B43D1-CF5B-4492-AC10-CC9D2FAA6A59}.Release|iPhone.ActiveCfg = Release|iPhone
		{925B43D1-CF5B-4492-AC10-CC9D2FAA6A59}.Release|iPhone.Build.0 = Release|iPhone
		{925B43D1-CF5B-4492-AC10-CC9D2FAA6A59}.Release|iPhone.Deploy.0 = Release|iPhone
		{925B43D1-CF5B-4492-AC10-CC9D2FAA6A59}.Release|iPhoneSimulator.ActiveCfg = Release|iPhoneSimulator
		{925B43D1-CF5B-4492-AC10-CC9D2FAA6A59}.Release|iPhoneSimulator.Build.0 = Release|iPhoneSimulator
		{925B43D1-CF5B-4492-AC10-CC9D2FAA6A59}.Release|iPhoneSimulator.Deploy.0 = Release|iPhoneSimulator
	EndGlobalSection
EndGlobal
